// !$*UTF8*$!
{
	archiveVersion = 1;
	classes = {
	};
	objectVersion = 56;
	objects = {

/* Begin PBXBuildFile section */
		871C0A3B2C26364400B66CC9 /* PriorityDeadLineView.swift in Sources */ = {isa = PBXBuildFile; fileRef = 871C0A3A2C26364400B66CC9 /* PriorityDeadLineView.swift */; };
		871C0A3E2C2711A900B66CC9 /* SwithcerView.swift in Sources */ = {isa = PBXBuildFile; fileRef = 871C0A3D2C2711A900B66CC9 /* SwithcerView.swift */; };
		871C0A402C27224B00B66CC9 /* ListView.swift in Sources */ = {isa = PBXBuildFile; fileRef = 871C0A3F2C27224B00B66CC9 /* ListView.swift */; };
		871C0A422C27356200B66CC9 /* CreateToDoItemViewModel.swift in Sources */ = {isa = PBXBuildFile; fileRef = 871C0A412C27356200B66CC9 /* CreateToDoItemViewModel.swift */; };
		871C0A442C27534B00B66CC9 /* CreateToDoItem.swift in Sources */ = {isa = PBXBuildFile; fileRef = 871C0A432C27534B00B66CC9 /* CreateToDoItem.swift */; };
		871C0A462C27586B00B66CC9 /* DeleteButtonView.swift in Sources */ = {isa = PBXBuildFile; fileRef = 871C0A452C27586B00B66CC9 /* DeleteButtonView.swift */; };
		871C0A482C275D3A00B66CC9 /* Color + extension.swift in Sources */ = {isa = PBXBuildFile; fileRef = 871C0A472C275D3A00B66CC9 /* Color + extension.swift */; };
		871C0A4B2C28201200B66CC9 /* MainView.swift in Sources */ = {isa = PBXBuildFile; fileRef = 871C0A4A2C28201200B66CC9 /* MainView.swift */; };
		871C0A4D2C2830BD00B66CC9 /* UIApplication + ext.swift in Sources */ = {isa = PBXBuildFile; fileRef = 871C0A4C2C2830BD00B66CC9 /* UIApplication + ext.swift */; };
		871C0A4F2C28395C00B66CC9 /* PlusView.swift in Sources */ = {isa = PBXBuildFile; fileRef = 871C0A4E2C28395C00B66CC9 /* PlusView.swift */; };
		871C0A512C28930400B66CC9 /* MainViewModel.swift in Sources */ = {isa = PBXBuildFile; fileRef = 871C0A502C28930400B66CC9 /* MainViewModel.swift */; };
		871C0A532C28A84400B66CC9 /* DiContainer.swift in Sources */ = {isa = PBXBuildFile; fileRef = 871C0A522C28A84400B66CC9 /* DiContainer.swift */; };
		871C0A552C28AB5000B66CC9 /* EnviromentValues + ext.swift in Sources */ = {isa = PBXBuildFile; fileRef = 871C0A542C28AB5000B66CC9 /* EnviromentValues + ext.swift */; };
		871C0A572C28B1B800B66CC9 /* ListCell.swift in Sources */ = {isa = PBXBuildFile; fileRef = 871C0A562C28B1B800B66CC9 /* ListCell.swift */; };
		871C0A5A2C28D12300B66CC9 /* DateFormatter + ext.swift in Sources */ = {isa = PBXBuildFile; fileRef = 871C0A592C28D12300B66CC9 /* DateFormatter + ext.swift */; };
		871C0A5C2C292D6E00B66CC9 /* FilterMenu.swift in Sources */ = {isa = PBXBuildFile; fileRef = 871C0A5B2C292D6E00B66CC9 /* FilterMenu.swift */; };
		871C0A602C2A303A00B66CC9 /* ToDoItemConfigurationEnum.swift in Sources */ = {isa = PBXBuildFile; fileRef = 871C0A5F2C2A303A00B66CC9 /* ToDoItemConfigurationEnum.swift */; };
		871C0A622C2AFE5400B66CC9 /* CustomColorPicker.swift in Sources */ = {isa = PBXBuildFile; fileRef = 871C0A612C2AFE5400B66CC9 /* CustomColorPicker.swift */; };
		871C0A652C2B7C4700B66CC9 /* MainViewForIpad.swift in Sources */ = {isa = PBXBuildFile; fileRef = 871C0A642C2B7C4700B66CC9 /* MainViewForIpad.swift */; };
		871C0A6B2C2D303700B66CC9 /* DeviceUtils.swift in Sources */ = {isa = PBXBuildFile; fileRef = 871C0A6A2C2D303700B66CC9 /* DeviceUtils.swift */; };
		871C0ACD2C31A17200B66CC9 /* DatesCollectionView.swift in Sources */ = {isa = PBXBuildFile; fileRef = 871C0ACC2C31A17200B66CC9 /* DatesCollectionView.swift */; };
		871C0ACF2C31CDE300B66CC9 /* DateCell.swift in Sources */ = {isa = PBXBuildFile; fileRef = 871C0ACE2C31CDE300B66CC9 /* DateCell.swift */; };
		871C0AD12C31D12E00B66CC9 /* CalendarTableView.swift in Sources */ = {isa = PBXBuildFile; fileRef = 871C0AD02C31D12E00B66CC9 /* CalendarTableView.swift */; };
		871C0AD32C31D22300B66CC9 /* ToDoItemSection.swift in Sources */ = {isa = PBXBuildFile; fileRef = 871C0AD22C31D22300B66CC9 /* ToDoItemSection.swift */; };
		871C0AD52C31D44600B66CC9 /* CalendarViewPresenter.swift in Sources */ = {isa = PBXBuildFile; fileRef = 871C0AD42C31D44600B66CC9 /* CalendarViewPresenter.swift */; };
		871C0AD72C31F75400B66CC9 /* CalendarTableViewHeader.swift in Sources */ = {isa = PBXBuildFile; fileRef = 871C0AD62C31F75400B66CC9 /* CalendarTableViewHeader.swift */; };
		871C0ADB2C31F94F00B66CC9 /* TableViewCell.swift in Sources */ = {isa = PBXBuildFile; fileRef = 871C0ADA2C31F94F00B66CC9 /* TableViewCell.swift */; };
		871C0ADD2C31FCE400B66CC9 /* CalendarViewController.swift in Sources */ = {isa = PBXBuildFile; fileRef = 871C0ADC2C31FCE400B66CC9 /* CalendarViewController.swift */; };
		871C0ADF2C32040000B66CC9 /* CalendarViewControllerRepresentable.swift in Sources */ = {isa = PBXBuildFile; fileRef = 871C0ADE2C32040000B66CC9 /* CalendarViewControllerRepresentable.swift */; };
		871C0AE12C33623E00B66CC9 /* CollectionItem.swift in Sources */ = {isa = PBXBuildFile; fileRef = 871C0AE02C33623D00B66CC9 /* CollectionItem.swift */; };
		8723F95C2C1F5E6B00AAAD38 /* Tracker_for_YandexSchoolApp.swift in Sources */ = {isa = PBXBuildFile; fileRef = 8723F95B2C1F5E6B00AAAD38 /* Tracker_for_YandexSchoolApp.swift */; };
		8723F95E2C1F5E6B00AAAD38 /* TextFieldView.swift in Sources */ = {isa = PBXBuildFile; fileRef = 8723F95D2C1F5E6B00AAAD38 /* TextFieldView.swift */; };
		8723F9602C1F5E6C00AAAD38 /* Assets.xcassets in Resources */ = {isa = PBXBuildFile; fileRef = 8723F95F2C1F5E6C00AAAD38 /* Assets.xcassets */; };
		8723F9632C1F5E6C00AAAD38 /* Preview Assets.xcassets in Resources */ = {isa = PBXBuildFile; fileRef = 8723F9622C1F5E6C00AAAD38 /* Preview Assets.xcassets */; };
		8723F96A2C1F5F3200AAAD38 /* ToDoItem.swift in Sources */ = {isa = PBXBuildFile; fileRef = 8723F9692C1F5F3100AAAD38 /* ToDoItem.swift */; };
		8723F96E2C1F742600AAAD38 /* ToDoItem + extension.swift in Sources */ = {isa = PBXBuildFile; fileRef = 8723F96D2C1F742600AAAD38 /* ToDoItem + extension.swift */; };
		8723F9712C1F838000AAAD38 /* PriorityEnum.swift in Sources */ = {isa = PBXBuildFile; fileRef = 8723F9702C1F838000AAAD38 /* PriorityEnum.swift */; };
		8723F9762C20C64C00AAAD38 /* FileCache.swift in Sources */ = {isa = PBXBuildFile; fileRef = 8723F9752C20C64C00AAAD38 /* FileCache.swift */; };
		8723F9782C20D0BE00AAAD38 /* IsoFormatter + extension.swift in Sources */ = {isa = PBXBuildFile; fileRef = 8723F9772C20D0BE00AAAD38 /* IsoFormatter + extension.swift */; };
		8723F97A2C20E04800AAAD38 /* FileCacheError.swift in Sources */ = {isa = PBXBuildFile; fileRef = 8723F9792C20E04800AAAD38 /* FileCacheError.swift */; };
		8723F9822C21A2E400AAAD38 /* Tracker_for_YandexSchoolTests.swift in Sources */ = {isa = PBXBuildFile; fileRef = 8723F9812C21A2E400AAAD38 /* Tracker_for_YandexSchoolTests.swift */; };
		8723F9892C22122A00AAAD38 /* JSONErrorEnum.swift in Sources */ = {isa = PBXBuildFile; fileRef = 8723F9882C22122A00AAAD38 /* JSONErrorEnum.swift */; };
/* End PBXBuildFile section */

/* Begin PBXContainerItemProxy section */
		8723F9832C21A2E400AAAD38 /* PBXContainerItemProxy */ = {
			isa = PBXContainerItemProxy;
			containerPortal = 8723F9502C1F5E6B00AAAD38 /* Project object */;
			proxyType = 1;
			remoteGlobalIDString = 8723F9572C1F5E6B00AAAD38;
			remoteInfo = "Tracker for YandexSchool";
		};
/* End PBXContainerItemProxy section */

/* Begin PBXFileReference section */
		871C0A3A2C26364400B66CC9 /* PriorityDeadLineView.swift */ = {isa = PBXFileReference; lastKnownFileType = sourcecode.swift; path = PriorityDeadLineView.swift; sourceTree = "<group>"; };
		871C0A3D2C2711A900B66CC9 /* SwithcerView.swift */ = {isa = PBXFileReference; lastKnownFileType = sourcecode.swift; path = SwithcerView.swift; sourceTree = "<group>"; };
		871C0A3F2C27224B00B66CC9 /* ListView.swift */ = {isa = PBXFileReference; lastKnownFileType = sourcecode.swift; path = ListView.swift; sourceTree = "<group>"; };
		871C0A412C27356200B66CC9 /* CreateToDoItemViewModel.swift */ = {isa = PBXFileReference; lastKnownFileType = sourcecode.swift; path = CreateToDoItemViewModel.swift; sourceTree = "<group>"; };
		871C0A432C27534B00B66CC9 /* CreateToDoItem.swift */ = {isa = PBXFileReference; lastKnownFileType = sourcecode.swift; path = CreateToDoItem.swift; sourceTree = "<group>"; };
		871C0A452C27586B00B66CC9 /* DeleteButtonView.swift */ = {isa = PBXFileReference; lastKnownFileType = sourcecode.swift; path = DeleteButtonView.swift; sourceTree = "<group>"; };
		871C0A472C275D3A00B66CC9 /* Color + extension.swift */ = {isa = PBXFileReference; lastKnownFileType = sourcecode.swift; path = "Color + extension.swift"; sourceTree = "<group>"; };
		871C0A4A2C28201200B66CC9 /* MainView.swift */ = {isa = PBXFileReference; lastKnownFileType = sourcecode.swift; path = MainView.swift; sourceTree = "<group>"; };
		871C0A4C2C2830BD00B66CC9 /* UIApplication + ext.swift */ = {isa = PBXFileReference; lastKnownFileType = sourcecode.swift; path = "UIApplication + ext.swift"; sourceTree = "<group>"; };
		871C0A4E2C28395C00B66CC9 /* PlusView.swift */ = {isa = PBXFileReference; lastKnownFileType = sourcecode.swift; path = PlusView.swift; sourceTree = "<group>"; };
		871C0A502C28930400B66CC9 /* MainViewModel.swift */ = {isa = PBXFileReference; lastKnownFileType = sourcecode.swift; path = MainViewModel.swift; sourceTree = "<group>"; };
		871C0A522C28A84400B66CC9 /* DiContainer.swift */ = {isa = PBXFileReference; lastKnownFileType = sourcecode.swift; path = DiContainer.swift; sourceTree = "<group>"; };
		871C0A542C28AB5000B66CC9 /* EnviromentValues + ext.swift */ = {isa = PBXFileReference; lastKnownFileType = sourcecode.swift; path = "EnviromentValues + ext.swift"; sourceTree = "<group>"; };
		871C0A562C28B1B800B66CC9 /* ListCell.swift */ = {isa = PBXFileReference; lastKnownFileType = sourcecode.swift; path = ListCell.swift; sourceTree = "<group>"; };
		871C0A592C28D12300B66CC9 /* DateFormatter + ext.swift */ = {isa = PBXFileReference; lastKnownFileType = sourcecode.swift; path = "DateFormatter + ext.swift"; sourceTree = "<group>"; };
		871C0A5B2C292D6E00B66CC9 /* FilterMenu.swift */ = {isa = PBXFileReference; lastKnownFileType = sourcecode.swift; path = FilterMenu.swift; sourceTree = "<group>"; };
		871C0A5F2C2A303A00B66CC9 /* ToDoItemConfigurationEnum.swift */ = {isa = PBXFileReference; lastKnownFileType = sourcecode.swift; path = ToDoItemConfigurationEnum.swift; sourceTree = "<group>"; };
		871C0A612C2AFE5400B66CC9 /* CustomColorPicker.swift */ = {isa = PBXFileReference; lastKnownFileType = sourcecode.swift; path = CustomColorPicker.swift; sourceTree = "<group>"; };
		871C0A642C2B7C4700B66CC9 /* MainViewForIpad.swift */ = {isa = PBXFileReference; lastKnownFileType = sourcecode.swift; path = MainViewForIpad.swift; sourceTree = "<group>"; };
		871C0A6A2C2D303700B66CC9 /* DeviceUtils.swift */ = {isa = PBXFileReference; lastKnownFileType = sourcecode.swift; path = DeviceUtils.swift; sourceTree = "<group>"; };
		871C0ACC2C31A17200B66CC9 /* DatesCollectionView.swift */ = {isa = PBXFileReference; lastKnownFileType = sourcecode.swift; path = DatesCollectionView.swift; sourceTree = "<group>"; };
		871C0ACE2C31CDE300B66CC9 /* DateCell.swift */ = {isa = PBXFileReference; lastKnownFileType = sourcecode.swift; path = DateCell.swift; sourceTree = "<group>"; };
		871C0AD02C31D12E00B66CC9 /* CalendarTableView.swift */ = {isa = PBXFileReference; lastKnownFileType = sourcecode.swift; path = CalendarTableView.swift; sourceTree = "<group>"; };
		871C0AD22C31D22300B66CC9 /* ToDoItemSection.swift */ = {isa = PBXFileReference; lastKnownFileType = sourcecode.swift; path = ToDoItemSection.swift; sourceTree = "<group>"; };
		871C0AD42C31D44600B66CC9 /* CalendarViewPresenter.swift */ = {isa = PBXFileReference; lastKnownFileType = sourcecode.swift; path = CalendarViewPresenter.swift; sourceTree = "<group>"; };
		871C0AD62C31F75400B66CC9 /* CalendarTableViewHeader.swift */ = {isa = PBXFileReference; lastKnownFileType = sourcecode.swift; path = CalendarTableViewHeader.swift; sourceTree = "<group>"; };
		871C0ADA2C31F94F00B66CC9 /* TableViewCell.swift */ = {isa = PBXFileReference; lastKnownFileType = sourcecode.swift; path = TableViewCell.swift; sourceTree = "<group>"; };
		871C0ADC2C31FCE400B66CC9 /* CalendarViewController.swift */ = {isa = PBXFileReference; lastKnownFileType = sourcecode.swift; path = CalendarViewController.swift; sourceTree = "<group>"; };
		871C0ADE2C32040000B66CC9 /* CalendarViewControllerRepresentable.swift */ = {isa = PBXFileReference; lastKnownFileType = sourcecode.swift; path = CalendarViewControllerRepresentable.swift; sourceTree = "<group>"; };
		871C0AE02C33623D00B66CC9 /* CollectionItem.swift */ = {isa = PBXFileReference; lastKnownFileType = sourcecode.swift; path = CollectionItem.swift; sourceTree = "<group>"; };
		8723F9582C1F5E6B00AAAD38 /* Tracker for YandexSchool.app */ = {isa = PBXFileReference; explicitFileType = wrapper.application; includeInIndex = 0; path = "Tracker for YandexSchool.app"; sourceTree = BUILT_PRODUCTS_DIR; };
		8723F95B2C1F5E6B00AAAD38 /* Tracker_for_YandexSchoolApp.swift */ = {isa = PBXFileReference; lastKnownFileType = sourcecode.swift; path = Tracker_for_YandexSchoolApp.swift; sourceTree = "<group>"; };
		8723F95D2C1F5E6B00AAAD38 /* TextFieldView.swift */ = {isa = PBXFileReference; lastKnownFileType = sourcecode.swift; path = TextFieldView.swift; sourceTree = "<group>"; };
		8723F95F2C1F5E6C00AAAD38 /* Assets.xcassets */ = {isa = PBXFileReference; lastKnownFileType = folder.assetcatalog; path = Assets.xcassets; sourceTree = "<group>"; };
		8723F9622C1F5E6C00AAAD38 /* Preview Assets.xcassets */ = {isa = PBXFileReference; lastKnownFileType = folder.assetcatalog; path = "Preview Assets.xcassets"; sourceTree = "<group>"; };
		8723F9692C1F5F3100AAAD38 /* ToDoItem.swift */ = {isa = PBXFileReference; lastKnownFileType = sourcecode.swift; path = ToDoItem.swift; sourceTree = "<group>"; };
		8723F96D2C1F742600AAAD38 /* ToDoItem + extension.swift */ = {isa = PBXFileReference; lastKnownFileType = sourcecode.swift; path = "ToDoItem + extension.swift"; sourceTree = "<group>"; };
		8723F9702C1F838000AAAD38 /* PriorityEnum.swift */ = {isa = PBXFileReference; lastKnownFileType = sourcecode.swift; path = PriorityEnum.swift; sourceTree = "<group>"; };
		8723F9752C20C64C00AAAD38 /* FileCache.swift */ = {isa = PBXFileReference; lastKnownFileType = sourcecode.swift; path = FileCache.swift; sourceTree = "<group>"; };
		8723F9772C20D0BE00AAAD38 /* IsoFormatter + extension.swift */ = {isa = PBXFileReference; lastKnownFileType = sourcecode.swift; path = "IsoFormatter + extension.swift"; sourceTree = "<group>"; };
		8723F9792C20E04800AAAD38 /* FileCacheError.swift */ = {isa = PBXFileReference; lastKnownFileType = sourcecode.swift; path = FileCacheError.swift; sourceTree = "<group>"; };
		8723F97F2C21A2E400AAAD38 /* Tracker for YandexSchoolTests.xctest */ = {isa = PBXFileReference; explicitFileType = wrapper.cfbundle; includeInIndex = 0; path = "Tracker for YandexSchoolTests.xctest"; sourceTree = BUILT_PRODUCTS_DIR; };
		8723F9812C21A2E400AAAD38 /* Tracker_for_YandexSchoolTests.swift */ = {isa = PBXFileReference; lastKnownFileType = sourcecode.swift; path = Tracker_for_YandexSchoolTests.swift; sourceTree = "<group>"; };
		8723F9882C22122A00AAAD38 /* JSONErrorEnum.swift */ = {isa = PBXFileReference; lastKnownFileType = sourcecode.swift; path = JSONErrorEnum.swift; sourceTree = "<group>"; };
/* End PBXFileReference section */

/* Begin PBXFrameworksBuildPhase section */
		8723F9552C1F5E6B00AAAD38 /* Frameworks */ = {
			isa = PBXFrameworksBuildPhase;
			buildActionMask = 2147483647;
			files = (
			);
			runOnlyForDeploymentPostprocessing = 0;
		};
		8723F97C2C21A2E400AAAD38 /* Frameworks */ = {
			isa = PBXFrameworksBuildPhase;
			buildActionMask = 2147483647;
			files = (
			);
			runOnlyForDeploymentPostprocessing = 0;
		};
/* End PBXFrameworksBuildPhase section */

/* Begin PBXGroup section */
		871C0A3C2C27118200B66CC9 /* CreateItemView */ = {
			isa = PBXGroup;
			children = (
				871C0A3A2C26364400B66CC9 /* PriorityDeadLineView.swift */,
				871C0A3D2C2711A900B66CC9 /* SwithcerView.swift */,
				871C0A412C27356200B66CC9 /* CreateToDoItemViewModel.swift */,
				8723F95D2C1F5E6B00AAAD38 /* TextFieldView.swift */,
				871C0A3F2C27224B00B66CC9 /* ListView.swift */,
				871C0A432C27534B00B66CC9 /* CreateToDoItem.swift */,
				871C0A452C27586B00B66CC9 /* DeleteButtonView.swift */,
				871C0A612C2AFE5400B66CC9 /* CustomColorPicker.swift */,
			);
			path = CreateItemView;
			sourceTree = "<group>";
		};
		871C0A492C281FFC00B66CC9 /* MainView */ = {
			isa = PBXGroup;
			children = (
				871C0A4A2C28201200B66CC9 /* MainView.swift */,
				871C0A502C28930400B66CC9 /* MainViewModel.swift */,
				871C0A4E2C28395C00B66CC9 /* PlusView.swift */,
				871C0A562C28B1B800B66CC9 /* ListCell.swift */,
				871C0A5B2C292D6E00B66CC9 /* FilterMenu.swift */,
			);
			path = MainView;
			sourceTree = "<group>";
		};
		871C0A632C2B7C2A00B66CC9 /* MainForIpad */ = {
			isa = PBXGroup;
			children = (
				871C0A642C2B7C4700B66CC9 /* MainViewForIpad.swift */,
			);
			path = MainForIpad;
			sourceTree = "<group>";
		};
		871C0ACB2C31A11E00B66CC9 /* CalendarView */ = {
			isa = PBXGroup;
			children = (
				871C0AD92C31F93500B66CC9 /* TableView */,
				871C0AD82C31F92000B66CC9 /* CollectionView */,
				871C0AD42C31D44600B66CC9 /* CalendarViewPresenter.swift */,
				871C0ADC2C31FCE400B66CC9 /* CalendarViewController.swift */,
				871C0ADE2C32040000B66CC9 /* CalendarViewControllerRepresentable.swift */,
			);
			path = CalendarView;
			sourceTree = "<group>";
		};
		871C0AD82C31F92000B66CC9 /* CollectionView */ = {
			isa = PBXGroup;
			children = (
				871C0ACE2C31CDE300B66CC9 /* DateCell.swift */,
				871C0ACC2C31A17200B66CC9 /* DatesCollectionView.swift */,
				871C0AE02C33623D00B66CC9 /* CollectionItem.swift */,
			);
			path = CollectionView;
			sourceTree = "<group>";
		};
		871C0AD92C31F93500B66CC9 /* TableView */ = {
			isa = PBXGroup;
			children = (
				871C0AD02C31D12E00B66CC9 /* CalendarTableView.swift */,
				871C0AD62C31F75400B66CC9 /* CalendarTableViewHeader.swift */,
				871C0ADA2C31F94F00B66CC9 /* TableViewCell.swift */,
			);
			path = TableView;
			sourceTree = "<group>";
		};
		8723F94F2C1F5E6B00AAAD38 = {
			isa = PBXGroup;
			children = (
				8723F95A2C1F5E6B00AAAD38 /* Tracker for YandexSchool */,
				8723F9802C21A2E400AAAD38 /* Tracker for YandexSchoolTests */,
				8723F9592C1F5E6B00AAAD38 /* Products */,
			);
			sourceTree = "<group>";
		};
		8723F9592C1F5E6B00AAAD38 /* Products */ = {
			isa = PBXGroup;
			children = (
				8723F9582C1F5E6B00AAAD38 /* Tracker for YandexSchool.app */,
				8723F97F2C21A2E400AAAD38 /* Tracker for YandexSchoolTests.xctest */,
			);
			name = Products;
			sourceTree = "<group>";
		};
		8723F95A2C1F5E6B00AAAD38 /* Tracker for YandexSchool */ = {
			isa = PBXGroup;
			children = (
				871C0ACB2C31A11E00B66CC9 /* CalendarView */,
				871C0A632C2B7C2A00B66CC9 /* MainForIpad */,
				871C0A492C281FFC00B66CC9 /* MainView */,
				871C0A3C2C27118200B66CC9 /* CreateItemView */,
				8723F9722C20BFEF00AAAD38 /* Resources */,
				8723F96F2C1F837200AAAD38 /* Enums */,
				8723F96B2C1F73B700AAAD38 /* Models */,
				8723F95B2C1F5E6B00AAAD38 /* Tracker_for_YandexSchoolApp.swift */,
				8723F95F2C1F5E6C00AAAD38 /* Assets.xcassets */,
				8723F9612C1F5E6C00AAAD38 /* Preview Content */,
				8723F96C2C1F73CE00AAAD38 /* Extensions */,
			);
			path = "Tracker for YandexSchool";
			sourceTree = "<group>";
		};
		8723F9612C1F5E6C00AAAD38 /* Preview Content */ = {
			isa = PBXGroup;
			children = (
				8723F9622C1F5E6C00AAAD38 /* Preview Assets.xcassets */,
			);
			path = "Preview Content";
			sourceTree = "<group>";
		};
		8723F96B2C1F73B700AAAD38 /* Models */ = {
			isa = PBXGroup;
			children = (
				8723F9692C1F5F3100AAAD38 /* ToDoItem.swift */,
				871C0AD22C31D22300B66CC9 /* ToDoItemSection.swift */,
			);
			path = Models;
			sourceTree = "<group>";
		};
		8723F96C2C1F73CE00AAAD38 /* Extensions */ = {
			isa = PBXGroup;
			children = (
				8723F96D2C1F742600AAAD38 /* ToDoItem + extension.swift */,
				871C0A542C28AB5000B66CC9 /* EnviromentValues + ext.swift */,
				8723F9772C20D0BE00AAAD38 /* IsoFormatter + extension.swift */,
				871C0A472C275D3A00B66CC9 /* Color + extension.swift */,
				871C0A4C2C2830BD00B66CC9 /* UIApplication + ext.swift */,
				871C0A592C28D12300B66CC9 /* DateFormatter + ext.swift */,
			);
			path = Extensions;
			sourceTree = "<group>";
		};
		8723F96F2C1F837200AAAD38 /* Enums */ = {
			isa = PBXGroup;
			children = (
				8723F9702C1F838000AAAD38 /* PriorityEnum.swift */,
				8723F9792C20E04800AAAD38 /* FileCacheError.swift */,
				8723F9882C22122A00AAAD38 /* JSONErrorEnum.swift */,
				871C0A5F2C2A303A00B66CC9 /* ToDoItemConfigurationEnum.swift */,
			);
			path = Enums;
			sourceTree = "<group>";
		};
		8723F9722C20BFEF00AAAD38 /* Resources */ = {
			isa = PBXGroup;
			children = (
				8723F9752C20C64C00AAAD38 /* FileCache.swift */,
				871C0A522C28A84400B66CC9 /* DiContainer.swift */,
				871C0A6A2C2D303700B66CC9 /* DeviceUtils.swift */,
			);
			path = Resources;
			sourceTree = "<group>";
		};
		8723F9802C21A2E400AAAD38 /* Tracker for YandexSchoolTests */ = {
			isa = PBXGroup;
			children = (
				8723F9812C21A2E400AAAD38 /* Tracker_for_YandexSchoolTests.swift */,
			);
			path = "Tracker for YandexSchoolTests";
			sourceTree = "<group>";
		};
/* End PBXGroup section */

/* Begin PBXNativeTarget section */
		8723F9572C1F5E6B00AAAD38 /* Tracker for YandexSchool */ = {
			isa = PBXNativeTarget;
			buildConfigurationList = 8723F9662C1F5E6C00AAAD38 /* Build configuration list for PBXNativeTarget "Tracker for YandexSchool" */;
			buildPhases = (
				8723F9542C1F5E6B00AAAD38 /* Sources */,
				8723F9552C1F5E6B00AAAD38 /* Frameworks */,
				8723F9562C1F5E6B00AAAD38 /* Resources */,
			);
			buildRules = (
			);
			dependencies = (
			);
			name = "Tracker for YandexSchool";
			productName = "Tracker for YandexSchool";
			productReference = 8723F9582C1F5E6B00AAAD38 /* Tracker for YandexSchool.app */;
			productType = "com.apple.product-type.application";
		};
		8723F97E2C21A2E400AAAD38 /* Tracker for YandexSchoolTests */ = {
			isa = PBXNativeTarget;
			buildConfigurationList = 8723F9852C21A2E400AAAD38 /* Build configuration list for PBXNativeTarget "Tracker for YandexSchoolTests" */;
			buildPhases = (
				8723F97B2C21A2E400AAAD38 /* Sources */,
				8723F97C2C21A2E400AAAD38 /* Frameworks */,
				8723F97D2C21A2E400AAAD38 /* Resources */,
			);
			buildRules = (
			);
			dependencies = (
				8723F9842C21A2E400AAAD38 /* PBXTargetDependency */,
			);
			name = "Tracker for YandexSchoolTests";
			productName = "Tracker for YandexSchoolTests";
			productReference = 8723F97F2C21A2E400AAAD38 /* Tracker for YandexSchoolTests.xctest */;
			productType = "com.apple.product-type.bundle.unit-test";
		};
/* End PBXNativeTarget section */

/* Begin PBXProject section */
		8723F9502C1F5E6B00AAAD38 /* Project object */ = {
			isa = PBXProject;
			attributes = {
				BuildIndependentTargetsInParallel = 1;
				LastSwiftUpdateCheck = 1520;
				LastUpgradeCheck = 1520;
				TargetAttributes = {
					8723F9572C1F5E6B00AAAD38 = {
						CreatedOnToolsVersion = 15.2;
					};
					8723F97E2C21A2E400AAAD38 = {
						CreatedOnToolsVersion = 15.2;
						TestTargetID = 8723F9572C1F5E6B00AAAD38;
					};
				};
			};
			buildConfigurationList = 8723F9532C1F5E6B00AAAD38 /* Build configuration list for PBXProject "Tracker for YandexSchool" */;
			compatibilityVersion = "Xcode 14.0";
			developmentRegion = en;
			hasScannedForEncodings = 0;
			knownRegions = (
				en,
				Base,
			);
			mainGroup = 8723F94F2C1F5E6B00AAAD38;
			productRefGroup = 8723F9592C1F5E6B00AAAD38 /* Products */;
			projectDirPath = "";
			projectRoot = "";
			targets = (
				8723F9572C1F5E6B00AAAD38 /* Tracker for YandexSchool */,
				8723F97E2C21A2E400AAAD38 /* Tracker for YandexSchoolTests */,
			);
		};
/* End PBXProject section */

/* Begin PBXResourcesBuildPhase section */
		8723F9562C1F5E6B00AAAD38 /* Resources */ = {
			isa = PBXResourcesBuildPhase;
			buildActionMask = 2147483647;
			files = (
				8723F9632C1F5E6C00AAAD38 /* Preview Assets.xcassets in Resources */,
				8723F9602C1F5E6C00AAAD38 /* Assets.xcassets in Resources */,
			);
			runOnlyForDeploymentPostprocessing = 0;
		};
		8723F97D2C21A2E400AAAD38 /* Resources */ = {
			isa = PBXResourcesBuildPhase;
			buildActionMask = 2147483647;
			files = (
			);
			runOnlyForDeploymentPostprocessing = 0;
		};
/* End PBXResourcesBuildPhase section */

/* Begin PBXSourcesBuildPhase section */
		8723F9542C1F5E6B00AAAD38 /* Sources */ = {
			isa = PBXSourcesBuildPhase;
			buildActionMask = 2147483647;
			files = (
				871C0ACD2C31A17200B66CC9 /* DatesCollectionView.swift in Sources */,
				8723F95E2C1F5E6B00AAAD38 /* TextFieldView.swift in Sources */,
				8723F95C2C1F5E6B00AAAD38 /* Tracker_for_YandexSchoolApp.swift in Sources */,
				871C0A602C2A303A00B66CC9 /* ToDoItemConfigurationEnum.swift in Sources */,
				871C0A3B2C26364400B66CC9 /* PriorityDeadLineView.swift in Sources */,
				871C0A3E2C2711A900B66CC9 /* SwithcerView.swift in Sources */,
				871C0A6B2C2D303700B66CC9 /* DeviceUtils.swift in Sources */,
				871C0A532C28A84400B66CC9 /* DiContainer.swift in Sources */,
				871C0A422C27356200B66CC9 /* CreateToDoItemViewModel.swift in Sources */,
				871C0ADD2C31FCE400B66CC9 /* CalendarViewController.swift in Sources */,
				8723F9782C20D0BE00AAAD38 /* IsoFormatter + extension.swift in Sources */,
				8723F9712C1F838000AAAD38 /* PriorityEnum.swift in Sources */,
				8723F9892C22122A00AAAD38 /* JSONErrorEnum.swift in Sources */,
				871C0A4F2C28395C00B66CC9 /* PlusView.swift in Sources */,
				8723F96E2C1F742600AAAD38 /* ToDoItem + extension.swift in Sources */,
				871C0A482C275D3A00B66CC9 /* Color + extension.swift in Sources */,
				871C0AD12C31D12E00B66CC9 /* CalendarTableView.swift in Sources */,
				871C0A552C28AB5000B66CC9 /* EnviromentValues + ext.swift in Sources */,
				871C0A4D2C2830BD00B66CC9 /* UIApplication + ext.swift in Sources */,
				871C0A572C28B1B800B66CC9 /* ListCell.swift in Sources */,
				871C0AE12C33623E00B66CC9 /* CollectionItem.swift in Sources */,
				871C0A402C27224B00B66CC9 /* ListView.swift in Sources */,
				871C0A5C2C292D6E00B66CC9 /* FilterMenu.swift in Sources */,
				871C0ADB2C31F94F00B66CC9 /* TableViewCell.swift in Sources */,
				871C0AD32C31D22300B66CC9 /* ToDoItemSection.swift in Sources */,
				871C0A4B2C28201200B66CC9 /* MainView.swift in Sources */,
				871C0AD52C31D44600B66CC9 /* CalendarViewPresenter.swift in Sources */,
				8723F97A2C20E04800AAAD38 /* FileCacheError.swift in Sources */,
				871C0A622C2AFE5400B66CC9 /* CustomColorPicker.swift in Sources */,
				871C0AD72C31F75400B66CC9 /* CalendarTableViewHeader.swift in Sources */,
				871C0ACF2C31CDE300B66CC9 /* DateCell.swift in Sources */,
				871C0A5A2C28D12300B66CC9 /* DateFormatter + ext.swift in Sources */,
				871C0A512C28930400B66CC9 /* MainViewModel.swift in Sources */,
				8723F9762C20C64C00AAAD38 /* FileCache.swift in Sources */,
				871C0A442C27534B00B66CC9 /* CreateToDoItem.swift in Sources */,
				871C0A652C2B7C4700B66CC9 /* MainViewForIpad.swift in Sources */,
				871C0ADF2C32040000B66CC9 /* CalendarViewControllerRepresentable.swift in Sources */,
				8723F96A2C1F5F3200AAAD38 /* ToDoItem.swift in Sources */,
				871C0A462C27586B00B66CC9 /* DeleteButtonView.swift in Sources */,
			);
			runOnlyForDeploymentPostprocessing = 0;
		};
		8723F97B2C21A2E400AAAD38 /* Sources */ = {
			isa = PBXSourcesBuildPhase;
			buildActionMask = 2147483647;
			files = (
				8723F9822C21A2E400AAAD38 /* Tracker_for_YandexSchoolTests.swift in Sources */,
			);
			runOnlyForDeploymentPostprocessing = 0;
		};
/* End PBXSourcesBuildPhase section */

/* Begin PBXTargetDependency section */
		8723F9842C21A2E400AAAD38 /* PBXTargetDependency */ = {
			isa = PBXTargetDependency;
			target = 8723F9572C1F5E6B00AAAD38 /* Tracker for YandexSchool */;
			targetProxy = 8723F9832C21A2E400AAAD38 /* PBXContainerItemProxy */;
		};
/* End PBXTargetDependency section */

/* Begin XCBuildConfiguration section */
		8723F9642C1F5E6C00AAAD38 /* Debug */ = {
			isa = XCBuildConfiguration;
			buildSettings = {
				ALWAYS_SEARCH_USER_PATHS = NO;
				ASSETCATALOG_COMPILER_GENERATE_SWIFT_ASSET_SYMBOL_EXTENSIONS = YES;
				CLANG_ANALYZER_NONNULL = YES;
				CLANG_ANALYZER_NUMBER_OBJECT_CONVERSION = YES_AGGRESSIVE;
				CLANG_CXX_LANGUAGE_STANDARD = "gnu++20";
				CLANG_ENABLE_MODULES = YES;
				CLANG_ENABLE_OBJC_ARC = YES;
				CLANG_ENABLE_OBJC_WEAK = YES;
				CLANG_WARN_BLOCK_CAPTURE_AUTORELEASING = YES;
				CLANG_WARN_BOOL_CONVERSION = YES;
				CLANG_WARN_COMMA = YES;
				CLANG_WARN_CONSTANT_CONVERSION = YES;
				CLANG_WARN_DEPRECATED_OBJC_IMPLEMENTATIONS = YES;
				CLANG_WARN_DIRECT_OBJC_ISA_USAGE = YES_ERROR;
				CLANG_WARN_DOCUMENTATION_COMMENTS = YES;
				CLANG_WARN_EMPTY_BODY = YES;
				CLANG_WARN_ENUM_CONVERSION = YES;
				CLANG_WARN_INFINITE_RECURSION = YES;
				CLANG_WARN_INT_CONVERSION = YES;
				CLANG_WARN_NON_LITERAL_NULL_CONVERSION = YES;
				CLANG_WARN_OBJC_IMPLICIT_RETAIN_SELF = YES;
				CLANG_WARN_OBJC_LITERAL_CONVERSION = YES;
				CLANG_WARN_OBJC_ROOT_CLASS = YES_ERROR;
				CLANG_WARN_QUOTED_INCLUDE_IN_FRAMEWORK_HEADER = YES;
				CLANG_WARN_RANGE_LOOP_ANALYSIS = YES;
				CLANG_WARN_STRICT_PROTOTYPES = YES;
				CLANG_WARN_SUSPICIOUS_MOVE = YES;
				CLANG_WARN_UNGUARDED_AVAILABILITY = YES_AGGRESSIVE;
				CLANG_WARN_UNREACHABLE_CODE = YES;
				CLANG_WARN__DUPLICATE_METHOD_MATCH = YES;
				COPY_PHASE_STRIP = NO;
				DEBUG_INFORMATION_FORMAT = dwarf;
				ENABLE_STRICT_OBJC_MSGSEND = YES;
				ENABLE_TESTABILITY = YES;
				ENABLE_USER_SCRIPT_SANDBOXING = YES;
				GCC_C_LANGUAGE_STANDARD = gnu17;
				GCC_DYNAMIC_NO_PIC = NO;
				GCC_NO_COMMON_BLOCKS = YES;
				GCC_OPTIMIZATION_LEVEL = 0;
				GCC_PREPROCESSOR_DEFINITIONS = (
					"DEBUG=1",
					"$(inherited)",
				);
				GCC_WARN_64_TO_32_BIT_CONVERSION = YES;
				GCC_WARN_ABOUT_RETURN_TYPE = YES_ERROR;
				GCC_WARN_UNDECLARED_SELECTOR = YES;
				GCC_WARN_UNINITIALIZED_AUTOS = YES_AGGRESSIVE;
				GCC_WARN_UNUSED_FUNCTION = YES;
				GCC_WARN_UNUSED_VARIABLE = YES;
				IPHONEOS_DEPLOYMENT_TARGET = 17.2;
				LOCALIZATION_PREFERS_STRING_CATALOGS = YES;
				MTL_ENABLE_DEBUG_INFO = INCLUDE_SOURCE;
				MTL_FAST_MATH = YES;
				ONLY_ACTIVE_ARCH = YES;
				SDKROOT = iphoneos;
				SWIFT_ACTIVE_COMPILATION_CONDITIONS = "DEBUG $(inherited)";
				SWIFT_OPTIMIZATION_LEVEL = "-Onone";
			};
			name = Debug;
		};
		8723F9652C1F5E6C00AAAD38 /* Release */ = {
			isa = XCBuildConfiguration;
			buildSettings = {
				ALWAYS_SEARCH_USER_PATHS = NO;
				ASSETCATALOG_COMPILER_GENERATE_SWIFT_ASSET_SYMBOL_EXTENSIONS = YES;
				CLANG_ANALYZER_NONNULL = YES;
				CLANG_ANALYZER_NUMBER_OBJECT_CONVERSION = YES_AGGRESSIVE;
				CLANG_CXX_LANGUAGE_STANDARD = "gnu++20";
				CLANG_ENABLE_MODULES = YES;
				CLANG_ENABLE_OBJC_ARC = YES;
				CLANG_ENABLE_OBJC_WEAK = YES;
				CLANG_WARN_BLOCK_CAPTURE_AUTORELEASING = YES;
				CLANG_WARN_BOOL_CONVERSION = YES;
				CLANG_WARN_COMMA = YES;
				CLANG_WARN_CONSTANT_CONVERSION = YES;
				CLANG_WARN_DEPRECATED_OBJC_IMPLEMENTATIONS = YES;
				CLANG_WARN_DIRECT_OBJC_ISA_USAGE = YES_ERROR;
				CLANG_WARN_DOCUMENTATION_COMMENTS = YES;
				CLANG_WARN_EMPTY_BODY = YES;
				CLANG_WARN_ENUM_CONVERSION = YES;
				CLANG_WARN_INFINITE_RECURSION = YES;
				CLANG_WARN_INT_CONVERSION = YES;
				CLANG_WARN_NON_LITERAL_NULL_CONVERSION = YES;
				CLANG_WARN_OBJC_IMPLICIT_RETAIN_SELF = YES;
				CLANG_WARN_OBJC_LITERAL_CONVERSION = YES;
				CLANG_WARN_OBJC_ROOT_CLASS = YES_ERROR;
				CLANG_WARN_QUOTED_INCLUDE_IN_FRAMEWORK_HEADER = YES;
				CLANG_WARN_RANGE_LOOP_ANALYSIS = YES;
				CLANG_WARN_STRICT_PROTOTYPES = YES;
				CLANG_WARN_SUSPICIOUS_MOVE = YES;
				CLANG_WARN_UNGUARDED_AVAILABILITY = YES_AGGRESSIVE;
				CLANG_WARN_UNREACHABLE_CODE = YES;
				CLANG_WARN__DUPLICATE_METHOD_MATCH = YES;
				COPY_PHASE_STRIP = NO;
				DEBUG_INFORMATION_FORMAT = "dwarf-with-dsym";
				ENABLE_NS_ASSERTIONS = NO;
				ENABLE_STRICT_OBJC_MSGSEND = YES;
				ENABLE_USER_SCRIPT_SANDBOXING = YES;
				GCC_C_LANGUAGE_STANDARD = gnu17;
				GCC_NO_COMMON_BLOCKS = YES;
				GCC_WARN_64_TO_32_BIT_CONVERSION = YES;
				GCC_WARN_ABOUT_RETURN_TYPE = YES_ERROR;
				GCC_WARN_UNDECLARED_SELECTOR = YES;
				GCC_WARN_UNINITIALIZED_AUTOS = YES_AGGRESSIVE;
				GCC_WARN_UNUSED_FUNCTION = YES;
				GCC_WARN_UNUSED_VARIABLE = YES;
				IPHONEOS_DEPLOYMENT_TARGET = 17.2;
				LOCALIZATION_PREFERS_STRING_CATALOGS = YES;
				MTL_ENABLE_DEBUG_INFO = NO;
				MTL_FAST_MATH = YES;
				SDKROOT = iphoneos;
				SWIFT_COMPILATION_MODE = wholemodule;
				VALIDATE_PRODUCT = YES;
			};
			name = Release;
		};
		8723F9672C1F5E6C00AAAD38 /* Debug */ = {
			isa = XCBuildConfiguration;
			buildSettings = {
				ASSETCATALOG_COMPILER_APPICON_NAME = AppIcon;
				ASSETCATALOG_COMPILER_GLOBAL_ACCENT_COLOR_NAME = AccentColor;
				CODE_SIGN_STYLE = Automatic;
				CURRENT_PROJECT_VERSION = 1;
				DEVELOPMENT_ASSET_PATHS = "\"Tracker for YandexSchool/Preview Content\"";
				DEVELOPMENT_TEAM = 4ZCZ4F2W3F;
				ENABLE_PREVIEWS = YES;
				GENERATE_INFOPLIST_FILE = YES;
				INFOPLIST_KEY_UIApplicationSceneManifest_Generation = YES;
				INFOPLIST_KEY_UIApplicationSupportsIndirectInputEvents = YES;
				INFOPLIST_KEY_UILaunchScreen_Generation = YES;
				INFOPLIST_KEY_UISupportedInterfaceOrientations_iPad = "UIInterfaceOrientationPortrait UIInterfaceOrientationPortraitUpsideDown UIInterfaceOrientationLandscapeLeft UIInterfaceOrientationLandscapeRight";
				INFOPLIST_KEY_UISupportedInterfaceOrientations_iPhone = "UIInterfaceOrientationPortrait UIInterfaceOrientationLandscapeLeft UIInterfaceOrientationLandscapeRight";
				LD_RUNPATH_SEARCH_PATHS = (
					"$(inherited)",
					"@executable_path/Frameworks",
				);
				MARKETING_VERSION = 1.0;
				PRODUCT_BUNDLE_IDENTIFIER = "Drozdnik.Tracker-for-YandexSchool";
				PRODUCT_NAME = "$(TARGET_NAME)";
				SWIFT_EMIT_LOC_STRINGS = YES;
				SWIFT_VERSION = 5.0;
				TARGETED_DEVICE_FAMILY = "1,2";
			};
			name = Debug;
		};
		8723F9682C1F5E6C00AAAD38 /* Release */ = {
			isa = XCBuildConfiguration;
			buildSettings = {
				ASSETCATALOG_COMPILER_APPICON_NAME = AppIcon;
				ASSETCATALOG_COMPILER_GLOBAL_ACCENT_COLOR_NAME = AccentColor;
				CODE_SIGN_STYLE = Automatic;
				CURRENT_PROJECT_VERSION = 1;
				DEVELOPMENT_ASSET_PATHS = "\"Tracker for YandexSchool/Preview Content\"";
				DEVELOPMENT_TEAM = 4ZCZ4F2W3F;
				ENABLE_PREVIEWS = YES;
				GENERATE_INFOPLIST_FILE = YES;
				INFOPLIST_KEY_UIApplicationSceneManifest_Generation = YES;
				INFOPLIST_KEY_UIApplicationSupportsIndirectInputEvents = YES;
				INFOPLIST_KEY_UILaunchScreen_Generation = YES;
				INFOPLIST_KEY_UISupportedInterfaceOrientations_iPad = "UIInterfaceOrientationPortrait UIInterfaceOrientationPortraitUpsideDown UIInterfaceOrientationLandscapeLeft UIInterfaceOrientationLandscapeRight";
				INFOPLIST_KEY_UISupportedInterfaceOrientations_iPhone = "UIInterfaceOrientationPortrait UIInterfaceOrientationLandscapeLeft UIInterfaceOrientationLandscapeRight";
				LD_RUNPATH_SEARCH_PATHS = (
					"$(inherited)",
					"@executable_path/Frameworks",
				);
				MARKETING_VERSION = 1.0;
				PRODUCT_BUNDLE_IDENTIFIER = "Drozdnik.Tracker-for-YandexSchool";
				PRODUCT_NAME = "$(TARGET_NAME)";
				SWIFT_EMIT_LOC_STRINGS = YES;
				SWIFT_VERSION = 5.0;
				TARGETED_DEVICE_FAMILY = "1,2";
			};
			name = Release;
		};
		8723F9862C21A2E400AAAD38 /* Debug */ = {
			isa = XCBuildConfiguration;
			buildSettings = {
				BUNDLE_LOADER = "$(TEST_HOST)";
				CODE_SIGN_STYLE = Automatic;
				CURRENT_PROJECT_VERSION = 1;
				DEVELOPMENT_TEAM = 4ZCZ4F2W3F;
				GENERATE_INFOPLIST_FILE = YES;
				MARKETING_VERSION = 1.0;
				PRODUCT_BUNDLE_IDENTIFIER = "Drozdnik.Tracker-for-YandexSchoolTests";
				PRODUCT_NAME = "$(TARGET_NAME)";
				SWIFT_EMIT_LOC_STRINGS = NO;
				SWIFT_VERSION = 5.0;
				TARGETED_DEVICE_FAMILY = "1,2";
				TEST_HOST = "$(BUILT_PRODUCTS_DIR)/Tracker for YandexSchool.app/$(BUNDLE_EXECUTABLE_FOLDER_PATH)/Tracker for YandexSchool";
			};
			name = Debug;
		};
		8723F9872C21A2E400AAAD38 /* Release */ = {
			isa = XCBuildConfiguration;
			buildSettings = {
				BUNDLE_LOADER = "$(TEST_HOST)";
				CODE_SIGN_STYLE = Automatic;
				CURRENT_PROJECT_VERSION = 1;
				DEVELOPMENT_TEAM = 4ZCZ4F2W3F;
				GENERATE_INFOPLIST_FILE = YES;
				MARKETING_VERSION = 1.0;
				PRODUCT_BUNDLE_IDENTIFIER = "Drozdnik.Tracker-for-YandexSchoolTests";
				PRODUCT_NAME = "$(TARGET_NAME)";
				SWIFT_EMIT_LOC_STRINGS = NO;
				SWIFT_VERSION = 5.0;
				TARGETED_DEVICE_FAMILY = "1,2";
				TEST_HOST = "$(BUILT_PRODUCTS_DIR)/Tracker for YandexSchool.app/$(BUNDLE_EXECUTABLE_FOLDER_PATH)/Tracker for YandexSchool";
			};
			name = Release;
		};
/* End XCBuildConfiguration section */

/* Begin XCConfigurationList section */
		8723F9532C1F5E6B00AAAD38 /* Build configuration list for PBXProject "Tracker for YandexSchool" */ = {
			isa = XCConfigurationList;
			buildConfigurations = (
				8723F9642C1F5E6C00AAAD38 /* Debug */,
				8723F9652C1F5E6C00AAAD38 /* Release */,
			);
			defaultConfigurationIsVisible = 0;
			defaultConfigurationName = Release;
		};
		8723F9662C1F5E6C00AAAD38 /* Build configuration list for PBXNativeTarget "Tracker for YandexSchool" */ = {
			isa = XCConfigurationList;
			buildConfigurations = (
				8723F9672C1F5E6C00AAAD38 /* Debug */,
				8723F9682C1F5E6C00AAAD38 /* Release */,
			);
			defaultConfigurationIsVisible = 0;
			defaultConfigurationName = Release;
		};
		8723F9852C21A2E400AAAD38 /* Build configuration list for PBXNativeTarget "Tracker for YandexSchoolTests" */ = {
			isa = XCConfigurationList;
			buildConfigurations = (
				8723F9862C21A2E400AAAD38 /* Debug */,
				8723F9872C21A2E400AAAD38 /* Release */,
			);
			defaultConfigurationIsVisible = 0;
			defaultConfigurationName = Release;
		};
/* End XCConfigurationList section */
	};
	rootObject = 8723F9502C1F5E6B00AAAD38 /* Project object */;
}
